{
  "version": 4,
  "terraform_version": "1.10.5",
  "serial": 200,
  "lineage": "704eb75e-be17-66e1-b447-6feea2a3e863",
  "outputs": {},
  "resources": [
    {
      "mode": "data",
      "type": "template_file",
      "name": "meta_data",
      "provider": "provider[\"registry.terraform.io/hashicorp/template\"]",
      "instances": [
        {
          "schema_version": 0,
          "attributes": {
            "filename": null,
            "id": "ac537b3dc9f400e22ad25335e4298d36f29c7c29738262fc48f3e3985a7a1543",
            "rendered": "#cloud-config\r\ninstance-id: test\r\nlocal-hostname: test",
            "template": "#cloud-config\r\ninstance-id: ${name}\r\nlocal-hostname: ${name}",
            "vars": {
              "name": "test"
            }
          },
          "sensitive_attributes": []
        }
      ]
    },
    {
      "mode": "data",
      "type": "template_file",
      "name": "network_config",
      "provider": "provider[\"registry.terraform.io/hashicorp/template\"]",
      "instances": [
        {
          "schema_version": 0,
          "attributes": {
            "filename": null,
            "id": "a49879ebceaeed19e402f63e304a5dd69004997e1344f238efe93458e65da1e5",
            "rendered": "#cloud-config\nnetwork-interfaces: |\n  auto eth0\n  iface eth0 inet static\n  address 10.0.1.5\n  network 10.0.1.0\n  netmask 255.255.255.0\n  broadcast 10.0.1.255\n  gateway 10.0.1.1\n  dns-nameservers 8.8.8.8\n\nbootcmd:\n  - ifdown eth0\n  - ifup eth0\n",
            "template": "#cloud-config\nnetwork-interfaces: |\n  auto eth0\n  iface eth0 inet static\n  address ${subnet}.${subip}\n  network ${subnet}.0\n  netmask ${netmask}\n  broadcast ${subnet}.255\n  gateway ${subnet}.1\n  dns-nameservers 8.8.8.8\n\nbootcmd:\n  - ifdown eth0\n  - ifup eth0\n",
            "vars": {
              "netmask": "255.255.255.0",
              "subip": "5",
              "subnet": "10.0.1"
            }
          },
          "sensitive_attributes": []
        }
      ]
    },
    {
      "mode": "data",
      "type": "template_file",
      "name": "user_data",
      "provider": "provider[\"registry.terraform.io/hashicorp/template\"]",
      "instances": [
        {
          "schema_version": 0,
          "attributes": {
            "filename": null,
            "id": "ac5e3905977b612ac6eb224de72347a5d037e98e735d9c94c9c3c1200f2fa2b1",
            "rendered": "#cloud-config\nkeyboard:\n  layout: fr\n  model: pc105\n  variant: latin9\n\npassword: toto\nchpasswd:\n  expire: False\n\nusers:\n  - default\n  - name: devops\n    sudo: ALL=(ALL) NOPASSWD:ALL\n    # plain_text_passwd: devops\n    lock_passwd: false\n    ssh_authorized_keys:\n      - ssh-ed25519 AAAAC3NzaC1lZDI1NTE5AAAAIC2TXfy6E7hZa5XZ78qt+epcAthkhmeyPtY+OyRU5+Mh devops\n\n#alpine\nruncmd:\n  - setup-keymap fr fr\n  - echo \"UsePAM yes\" \u003e /etc/ssh/sshd_config.d/use_pam.conf\n  - rc-service sshd restart\n  - apk update\n  - apk add sudo\n",
            "template": "#cloud-config\nkeyboard:\n  layout: fr\n  model: pc105\n  variant: latin9\n\npassword: toto\nchpasswd:\n  expire: False\n\nusers:\n  - default\n  - name: devops\n    sudo: ALL=(ALL) NOPASSWD:ALL\n    # plain_text_passwd: devops\n    lock_passwd: false\n    ssh_authorized_keys:\n      - ssh-ed25519 AAAAC3NzaC1lZDI1NTE5AAAAIC2TXfy6E7hZa5XZ78qt+epcAthkhmeyPtY+OyRU5+Mh devops\n\n#alpine\nruncmd:\n  - setup-keymap fr fr\n  - echo \"UsePAM yes\" \u003e /etc/ssh/sshd_config.d/use_pam.conf\n  - rc-service sshd restart\n  - apk update\n  - apk add sudo\n",
            "vars": null
          },
          "sensitive_attributes": []
        }
      ]
    },
    {
      "mode": "managed",
      "type": "libvirt_cloudinit_disk",
      "name": "seed_test",
      "provider": "provider[\"registry.terraform.io/dmacvicar/libvirt\"]",
      "instances": [
        {
          "schema_version": 0,
          "attributes": {
            "id": "/var/lib/libvirt/images/seed_test.iso;23eaab99-d6b2-4df4-87f2-76b0970a0c51",
            "meta_data": "#cloud-config\r\ninstance-id: test\r\nlocal-hostname: test",
            "name": "seed_test.iso",
            "network_config": "",
            "pool": "default",
            "user_data": "#cloud-config\nkeyboard:\n  layout: fr\n  model: pc105\n  variant: latin9\n\npassword: toto\nchpasswd:\n  expire: False\n\nusers:\n  - default\n  - name: devops\n    sudo: ALL=(ALL) NOPASSWD:ALL\n    # plain_text_passwd: devops\n    lock_passwd: false\n    ssh_authorized_keys:\n      - ssh-ed25519 AAAAC3NzaC1lZDI1NTE5AAAAIC2TXfy6E7hZa5XZ78qt+epcAthkhmeyPtY+OyRU5+Mh devops\n\n#alpine\nruncmd:\n  - setup-keymap fr fr\n  - echo \"UsePAM yes\" \u003e /etc/ssh/sshd_config.d/use_pam.conf\n  - rc-service sshd restart\n  - apk update\n  - apk add sudo\n"
          },
          "sensitive_attributes": [],
          "private": "bnVsbA==",
          "dependencies": [
            "data.template_file.meta_data",
            "data.template_file.user_data"
          ]
        }
      ]
    },
    {
      "mode": "managed",
      "type": "libvirt_domain",
      "name": "alpine_test",
      "provider": "provider[\"registry.terraform.io/dmacvicar/libvirt\"]",
      "instances": [
        {
          "schema_version": 0,
          "attributes": {
            "arch": "x86_64",
            "autostart": false,
            "boot_device": [],
            "cloudinit": "/var/lib/libvirt/images/seed_test.iso;23eaab99-d6b2-4df4-87f2-76b0970a0c51",
            "cmdline": null,
            "console": [],
            "coreos_ignition": null,
            "cpu": [
              {
                "mode": "custom"
              }
            ],
            "description": "",
            "disk": [
              {
                "block_device": "",
                "file": "",
                "scsi": false,
                "url": "",
                "volume_id": "/var/lib/libvirt/images/alpine",
                "wwn": ""
              }
            ],
            "emulator": "/usr/bin/qemu-system-x86_64",
            "filesystem": [],
            "firmware": null,
            "fw_cfg_name": "opt/com.coreos/config",
            "graphics": [],
            "id": "bb4dd5b3-a1fb-4bb4-b544-5a98996111f2",
            "initrd": "",
            "kernel": "",
            "machine": "pc",
            "memory": 1024,
            "metadata": null,
            "name": "alpine_test",
            "network_interface": [
              {
                "addresses": [
                  "192.168.123.3"
                ],
                "bridge": "",
                "hostname": "alpine_test",
                "mac": "52:54:00:20:3F:03",
                "macvtap": "",
                "network_id": "66703ab2-1a4c-4f4f-8f73-79f46247a7f6",
                "network_name": "test-dhcp",
                "passthrough": "",
                "vepa": "",
                "wait_for_lease": true
              }
            ],
            "nvram": null,
            "qemu_agent": false,
            "running": true,
            "timeouts": null,
            "tpm": [],
            "type": "kvm",
            "vcpu": 1,
            "video": [],
            "xml": []
          },
          "sensitive_attributes": [],
          "private": "eyJlMmJmYjczMC1lY2FhLTExZTYtOGY4OC0zNDM2M2JjN2M0YzAiOnsiY3JlYXRlIjozMDAwMDAwMDAwMDB9fQ==",
          "dependencies": [
            "data.template_file.meta_data",
            "data.template_file.user_data",
            "libvirt_cloudinit_disk.seed_test",
            "libvirt_volume.alpine"
          ]
        }
      ]
    },
    {
      "mode": "managed",
      "type": "libvirt_domain",
      "name": "noble_test",
      "provider": "provider[\"registry.terraform.io/dmacvicar/libvirt\"]",
      "instances": [
        {
          "schema_version": 0,
          "attributes": {
            "arch": "x86_64",
            "autostart": false,
            "boot_device": [],
            "cloudinit": "/var/lib/libvirt/images/seed_test.iso;23eaab99-d6b2-4df4-87f2-76b0970a0c51",
            "cmdline": null,
            "console": [],
            "coreos_ignition": null,
            "cpu": [
              {
                "mode": "custom"
              }
            ],
            "description": "",
            "disk": [
              {
                "block_device": "",
                "file": "",
                "scsi": false,
                "url": "",
                "volume_id": "/var/lib/libvirt/images/noble",
                "wwn": ""
              }
            ],
            "emulator": "/usr/bin/qemu-system-x86_64",
            "filesystem": [],
            "firmware": null,
            "fw_cfg_name": "opt/com.coreos/config",
            "graphics": [],
            "id": "0d49deb7-2a05-4ea3-80ff-aba16b7f2e1d",
            "initrd": "",
            "kernel": "",
            "machine": "pc",
            "memory": 1024,
            "metadata": null,
            "name": "noble_test",
            "network_interface": [
              {
                "addresses": [
                  "192.168.123.2"
                ],
                "bridge": "",
                "hostname": "noble_test",
                "mac": "52:54:00:20:3F:02",
                "macvtap": "",
                "network_id": "66703ab2-1a4c-4f4f-8f73-79f46247a7f6",
                "network_name": "test-dhcp",
                "passthrough": "",
                "vepa": "",
                "wait_for_lease": true
              }
            ],
            "nvram": null,
            "qemu_agent": false,
            "running": true,
            "timeouts": null,
            "tpm": [],
            "type": "kvm",
            "vcpu": 1,
            "video": [],
            "xml": []
          },
          "sensitive_attributes": [],
          "private": "eyJlMmJmYjczMC1lY2FhLTExZTYtOGY4OC0zNDM2M2JjN2M0YzAiOnsiY3JlYXRlIjozMDAwMDAwMDAwMDB9fQ==",
          "dependencies": [
            "data.template_file.meta_data",
            "data.template_file.user_data",
            "libvirt_cloudinit_disk.seed_test",
            "libvirt_volume.noble"
          ]
        }
      ]
    },
    {
      "mode": "managed",
      "type": "libvirt_volume",
      "name": "alpine",
      "provider": "provider[\"registry.terraform.io/dmacvicar/libvirt\"]",
      "instances": [
        {
          "schema_version": 0,
          "attributes": {
            "base_volume_id": null,
            "base_volume_name": null,
            "base_volume_pool": null,
            "format": "qcow2",
            "id": "/var/lib/libvirt/images/alpine",
            "name": "alpine",
            "pool": "default",
            "size": 209715200,
            "source": "/home/dadou/W/FixvidCloud/cloud-init/img/nocloud_alpine-3.21.2-x86_64-bios-cloudinit-r0.qcow2",
            "xml": []
          },
          "sensitive_attributes": [],
          "private": "bnVsbA=="
        }
      ]
    },
    {
      "mode": "managed",
      "type": "libvirt_volume",
      "name": "alpine_2",
      "provider": "provider[\"registry.terraform.io/dmacvicar/libvirt\"]",
      "instances": [
        {
          "schema_version": 0,
          "attributes": {
            "base_volume_id": null,
            "base_volume_name": null,
            "base_volume_pool": null,
            "format": "qcow2",
            "id": "/var/lib/libvirt/images/alpine_2",
            "name": "alpine_2",
            "pool": "default",
            "size": 209715200,
            "source": "/home/dadou/W/FixvidCloud/cloud-init/img/nocloud_alpine-3.21.2-x86_64-bios-cloudinit-r0.qcow2",
            "xml": []
          },
          "sensitive_attributes": [],
          "private": "bnVsbA=="
        }
      ]
    },
    {
      "mode": "managed",
      "type": "libvirt_volume",
      "name": "noble",
      "provider": "provider[\"registry.terraform.io/dmacvicar/libvirt\"]",
      "instances": [
        {
          "schema_version": 0,
          "attributes": {
            "base_volume_id": null,
            "base_volume_name": null,
            "base_volume_pool": null,
            "format": "qcow2",
            "id": "/var/lib/libvirt/images/noble",
            "name": "noble",
            "pool": "default",
            "size": 3758096384,
            "source": "/home/dadou/W/FixvidCloud/cloud-init/img/noble-server-cloudimg-amd64.img",
            "xml": []
          },
          "sensitive_attributes": [],
          "private": "bnVsbA=="
        }
      ]
    }
  ],
  "check_results": null
}
